
Microsoft Visual Studio Solution File, Format Version 12.00
# Visual Studio Version 16
VisualStudioVersion = 16.0.29409.12
MinimumVisualStudioVersion = 10.0.40219.1
Project("{FAE04EC0-301F-11D3-BF4B-00C04F79EFBC}") = "ejercicio1", "ejercicio1\ejercicio1.csproj", "{2E79773D-84AB-4637-B906-1342AC1037F4}"
EndProject
Global
	GlobalSection(SolutionConfigurationPlatforms) = preSolution
		Debug|Any CPU = Debug|Any CPU
		Release|Any CPU = Release|Any CPU
	EndGlobalSection
	GlobalSection(ProjectConfigurationPlatforms) = postSolution
		{2E79773D-84AB-4637-B906-1342AC1037F4}.Debug|Any CPU.ActiveCfg = Debug|Any CPU
		{2E79773D-84AB-4637-B906-1342AC1037F4}.Debug|Any CPU.Build.0 = Debug|Any CPU
		{2E79773D-84AB-4637-B906-1342AC1037F4}.Release|Any CPU.ActiveCfg = Release|Any CPU
		{2E79773D-84AB-4637-B906-1342AC1037F4}.Release|Any CPU.Build.0 = Release|Any CPU
	EndGlobalSection
	GlobalSection(SolutionProperties) = preSolution
		HideSolutionNode = FALSE
	EndGlobalSection
	GlobalSection(ExtensibilityGlobals) = postSolution
		SolutionGuid = {2521BFD9-8BAB-4759-AD3C-D4949ADC0A0B}
	EndGlobalSection
EndGlobal
